
Microsoft Visual Studio Solution File, Format Version 12.00
# Visual Studio 15
VisualStudioVersion = 15.0.27130.2010
MinimumVisualStudioVersion = 10.0.40219.1
Project("{FAE04EC0-301F-11D3-BF4B-00C04F79EFBC}") = "ComAssitProject2017", "ComAssitProject2017\ComAssitProject2017.csproj", "{E14838B4-575A-4A78-89EB-4F5D9899A81A}"
EndProject
Global
	GlobalSection(SolutionConfigurationPlatforms) = preSolution
		Debug|Any CPU = Debug|Any CPU
		Release|Any CPU = Release|Any CPU
	EndGlobalSection
	GlobalSection(ProjectConfigurationPlatforms) = postSolution
		{E14838B4-575A-4A78-89EB-4F5D9899A81A}.Debug|Any CPU.ActiveCfg = Debug|Any CPU
		{E14838B4-575A-4A78-89EB-4F5D9899A81A}.Debug|Any CPU.Build.0 = Debug|Any CPU
		{E14838B4-575A-4A78-89EB-4F5D9899A81A}.Release|Any CPU.ActiveCfg = Release|Any CPU
		{E14838B4-575A-4A78-89EB-4F5D9899A81A}.Release|Any CPU.Build.0 = Release|Any CPU
	EndGlobalSection
	GlobalSection(SolutionProperties) = preSolution
		HideSolutionNode = FALSE
	EndGlobalSection
	GlobalSection(ExtensibilityGlobals) = postSolution
		SolutionGuid = {BC77A5BA-12F8-44B7-A547-C2D686EABACB}
	EndGlobalSection
EndGlobal
